PODS:
  - AFNetworking (3.1.0):
    - AFNetworking/NSURLSession (= 3.1.0)
    - AFNetworking/Reachability (= 3.1.0)
    - AFNetworking/Security (= 3.1.0)
    - AFNetworking/Serialization (= 3.1.0)
    - AFNetworking/UIKit (= 3.1.0)
  - AFNetworking/NSURLSession (3.1.0):
    - AFNetworking/Reachability
    - AFNetworking/Security
    - AFNetworking/Serialization
  - AFNetworking/Reachability (3.1.0)
  - AFNetworking/Security (3.1.0)
  - AFNetworking/Serialization (3.1.0)
  - AFNetworking/UIKit (3.1.0):
    - AFNetworking/NSURLSession
  - FreeStreamer (3.7.6):
    - Reachability (~> 3.0)
  - HappyDNS (0.3.12)
  - Qiniu (7.1.8):
    - AFNetworking (~> 3)
    - HappyDNS (~> 0.3)
  - Reachability (3.2)
  - SVProgressHUD (2.2.2)
  - YYCache (1.0.4)
  - YYImage (1.0.4):
    - YYImage/Core (= 1.0.4)
  - YYImage/Core (1.0.4)
  - YYWebImage (1.0.5):
    - YYCache
    - YYImage

DEPENDENCIES:
  - FreeStreamer
  - Qiniu
  - SVProgressHUD
  - YYWebImage

SPEC CHECKSUMS:
  AFNetworking: 5e0e199f73d8626b11e79750991f5d173d1f8b67
  FreeStreamer: 9075bebe8cbe90648cd8997dd1e3e315a9e0bc71
  HappyDNS: 691a3041128055d09866f86e6e9ca90f24da1f18
  Qiniu: 2f1b9d13904b6a7608a66a2d02c5b7b24575622a
  Reachability: 33e18b67625424e47b6cde6d202dce689ad7af96
  SVProgressHUD: 59b2d3dabacbd051576d21d32293ca7228dc18b0
  YYCache: 8105b6638f5e849296c71f331ff83891a4942952
  YYImage: 1e1b62a9997399593e4b9c4ecfbbabbf1d3f3b54
  YYWebImage: 5f7f36aee2ae293f016d418c7d6ba05c4863e928

PODFILE CHECKSUM: d1ed0aa632bde45e31377cd883b364342ed57144

COCOAPODS: 1.1.1
